
Microsoft Visual Studio Solution File, Format Version 12.00
# Visual Studio Version 17
VisualStudioVersion = 17.4.32804.182
MinimumVisualStudioVersion = 10.0.40219.1
Project("{FAE04EC0-301F-11D3-BF4B-00C04F79EFBC}") = "Cap-issus-1204", "Cap-issus-1204\Cap-issus-1204.csproj", "{59CD0D12-B0F1-47C3-884B-39C6FC38C37A}"
EndProject
Global
	GlobalSection(SolutionConfigurationPlatforms) = preSolution
		Debug|Any CPU = Debug|Any CPU
		Release|Any CPU = Release|Any CPU
	EndGlobalSection
	GlobalSection(ProjectConfigurationPlatforms) = postSolution
		{59CD0D12-B0F1-47C3-884B-39C6FC38C37A}.Debug|Any CPU.ActiveCfg = Debug|Any CPU
		{59CD0D12-B0F1-47C3-884B-39C6FC38C37A}.Debug|Any CPU.Build.0 = Debug|Any CPU
		{59CD0D12-B0F1-47C3-884B-39C6FC38C37A}.Release|Any CPU.ActiveCfg = Release|Any CPU
		{59CD0D12-B0F1-47C3-884B-39C6FC38C37A}.Release|Any CPU.Build.0 = Release|Any CPU
	EndGlobalSection
	GlobalSection(SolutionProperties) = preSolution
		HideSolutionNode = FALSE
	EndGlobalSection
	GlobalSection(ExtensibilityGlobals) = postSolution
		SolutionGuid = {05DCBAF2-02D4-4926-8E5F-F40BAE2F346D}
	EndGlobalSection
EndGlobal
